
Microsoft Visual Studio Solution File, Format Version 12.00
# Visual Studio 15
VisualStudioVersion = 15.0.27004.2009
MinimumVisualStudioVersion = 10.0.40219.1
Project("{2150E333-8FDC-42A3-9474-1A3956D46DE8}") = "plugins", "plugins", "{47DDFCDE-4E37-4578-AE1C-A489DC5D9D65}"
EndProject
Project("{2150E333-8FDC-42A3-9474-1A3956D46DE8}") = "tests", "tests", "{E6467853-363A-4A5E-8FD5-E56A95F5308D}"
EndProject
Project("{2150E333-8FDC-42A3-9474-1A3956D46DE8}") = "samples", "samples", "{13582145-1B13-4463-B3D8-A2E5F3901EA2}"
EndProject
Project("{2150E333-8FDC-42A3-9474-1A3956D46DE8}") = "Solution Items", "Solution Items", "{E236FE68-4A42-4FAF-8779-6F8C2FBD68EC}"
	ProjectSection(SolutionItems) = preProject
		.gitignore = .gitignore
		build.cmd = build.cmd
		build.fsx = build.fsx
		build.ps1 = build.ps1
		build.sh = build.sh
		LICENSE = LICENSE
		README.md = README.md
		RELEASE_NOTES.md = RELEASE_NOTES.md
	EndProjectSection
EndProject
Project("{9A19103F-16F7-4668-BE54-9A1E7A4F7556}") = "Akka.Cluster.Discovery.Consul", "src\Akka.Cluster.Discovery.Consul\Akka.Cluster.Discovery.Consul.csproj", "{7D6FC91C-EDD3-4EFF-A11E-8A0B947618C6}"
EndProject
Project("{9A19103F-16F7-4668-BE54-9A1E7A4F7556}") = "Akka.Cluster.Discovery", "src\Akka.Cluster.Discovery\Akka.Cluster.Discovery.csproj", "{1797672F-B131-417D-A795-C610412F5F7E}"
EndProject
Project("{9A19103F-16F7-4668-BE54-9A1E7A4F7556}") = "SampleApp", "samples\SampleApp\SampleApp.csproj", "{FCEB357F-FDBA-44CC-93DA-22B8CD338FAA}"
EndProject
Global
	GlobalSection(SolutionConfigurationPlatforms) = preSolution
		Debug|Any CPU = Debug|Any CPU
		Release|Any CPU = Release|Any CPU
	EndGlobalSection
	GlobalSection(ProjectConfigurationPlatforms) = postSolution
		{7D6FC91C-EDD3-4EFF-A11E-8A0B947618C6}.Debug|Any CPU.ActiveCfg = Debug|Any CPU
		{7D6FC91C-EDD3-4EFF-A11E-8A0B947618C6}.Debug|Any CPU.Build.0 = Debug|Any CPU
		{7D6FC91C-EDD3-4EFF-A11E-8A0B947618C6}.Release|Any CPU.ActiveCfg = Release|Any CPU
		{7D6FC91C-EDD3-4EFF-A11E-8A0B947618C6}.Release|Any CPU.Build.0 = Release|Any CPU
		{1797672F-B131-417D-A795-C610412F5F7E}.Debug|Any CPU.ActiveCfg = Debug|Any CPU
		{1797672F-B131-417D-A795-C610412F5F7E}.Debug|Any CPU.Build.0 = Debug|Any CPU
		{1797672F-B131-417D-A795-C610412F5F7E}.Release|Any CPU.ActiveCfg = Release|Any CPU
		{1797672F-B131-417D-A795-C610412F5F7E}.Release|Any CPU.Build.0 = Release|Any CPU
		{FCEB357F-FDBA-44CC-93DA-22B8CD338FAA}.Debug|Any CPU.ActiveCfg = Debug|Any CPU
		{FCEB357F-FDBA-44CC-93DA-22B8CD338FAA}.Debug|Any CPU.Build.0 = Debug|Any CPU
		{FCEB357F-FDBA-44CC-93DA-22B8CD338FAA}.Release|Any CPU.ActiveCfg = Release|Any CPU
		{FCEB357F-FDBA-44CC-93DA-22B8CD338FAA}.Release|Any CPU.Build.0 = Release|Any CPU
	EndGlobalSection
	GlobalSection(SolutionProperties) = preSolution
		HideSolutionNode = FALSE
	EndGlobalSection
	GlobalSection(NestedProjects) = preSolution
		{7D6FC91C-EDD3-4EFF-A11E-8A0B947618C6} = {47DDFCDE-4E37-4578-AE1C-A489DC5D9D65}
		{1797672F-B131-417D-A795-C610412F5F7E} = {47DDFCDE-4E37-4578-AE1C-A489DC5D9D65}
		{FCEB357F-FDBA-44CC-93DA-22B8CD338FAA} = {13582145-1B13-4463-B3D8-A2E5F3901EA2}
	EndGlobalSection
	GlobalSection(ExtensibilityGlobals) = postSolution
		SolutionGuid = {60AE04FF-5CD9-4124-990A-27696C9C181F}
	EndGlobalSection
EndGlobal
